// !$*UTF8*$!
{
	archiveVersion = 1;
	classes = {
	};
	objectVersion = 77;
	objects = {

/* Begin PBXContainerItemProxy section */
		59AB04D02E0C5A6300AC9684 /* PBXContainerItemProxy */ = {
			isa = PBXContainerItemProxy;
			containerPortal = 59AB04B12E0C5A6100AC9684 /* Project object */;
			proxyType = 1;
			remoteGlobalIDString = 59AB04B82E0C5A6100AC9684;
			remoteInfo = IOSEventTrigger;
		};
		59AB04DA2E0C5A6300AC9684 /* PBXContainerItemProxy */ = {
			isa = PBXContainerItemProxy;
			containerPortal = 59AB04B12E0C5A6100AC9684 /* Project object */;
			proxyType = 1;
			remoteGlobalIDString = 59AB04B82E0C5A6100AC9684;
			remoteInfo = IOSEventTrigger;
		};
/* End PBXContainerItemProxy section */

/* Begin PBXFileReference section */
		59AB04B92E0C5A6100AC9684 /* IOSEventTrigger.app */ = {isa = PBXFileReference; explicitFileType = wrapper.application; includeInIndex = 0; path = IOSEventTrigger.app; sourceTree = BUILT_PRODUCTS_DIR; };
		59AB04CF2E0C5A6300AC9684 /* IOSEventTriggerTests.xctest */ = {isa = PBXFileReference; explicitFileType = wrapper.cfbundle; includeInIndex = 0; path = IOSEventTriggerTests.xctest; sourceTree = BUILT_PRODUCTS_DIR; };
		59AB04D92E0C5A6300AC9684 /* IOSEventTriggerUITests.xctest */ = {isa = PBXFileReference; explicitFileType = wrapper.cfbundle; includeInIndex = 0; path = IOSEventTriggerUITests.xctest; sourceTree = BUILT_PRODUCTS_DIR; };
/* End PBXFileReference section */

/* Begin PBXFileSystemSynchronizedBuildFileExceptionSet section */
		59AB04E12E0C5A6300AC9684 /* Exceptions for "IOSEventTrigger" folder in "IOSEventTrigger" target */ = {
			isa = PBXFileSystemSynchronizedBuildFileExceptionSet;
			membershipExceptions = (
				Info.plist,
			);
			target = 59AB04B82E0C5A6100AC9684 /* IOSEventTrigger */;
		};
/* End PBXFileSystemSynchronizedBuildFileExceptionSet section */

/* Begin PBXFileSystemSynchronizedRootGroup section */
		59AB04BB2E0C5A6100AC9684 /* IOSEventTrigger */ = {
			isa = PBXFileSystemSynchronizedRootGroup;
			exceptions = (
				59AB04E12E0C5A6300AC9684 /* Exceptions for "IOSEventTrigger" folder in "IOSEventTrigger" target */,
			);
			path = IOSEventTrigger;
			sourceTree = "<group>";
		};
		59AB04D22E0C5A6300AC9684 /* IOSEventTriggerTests */ = {
			isa = PBXFileSystemSynchronizedRootGroup;
			path = IOSEventTriggerTests;
			sourceTree = "<group>";
		};
		59AB04DC2E0C5A6300AC9684 /* IOSEventTriggerUITests */ = {
			isa = PBXFileSystemSynchronizedRootGroup;
			path = IOSEventTriggerUITests;
			sourceTree = "<group>";
		};
/* End PBXFileSystemSynchronizedRootGroup section */

/* Begin PBXFrameworksBuildPhase section */
		59AB04B62E0C5A6100AC9684 /* Frameworks */ = {
			isa = PBXFrameworksBuildPhase;
			buildActionMask = 2147483647;
			files = (
			);
			runOnlyForDeploymentPostprocessing = 0;
		};
		59AB04CC2E0C5A6300AC9684 /* Frameworks */ = {
			isa = PBXFrameworksBuildPhase;
			buildActionMask = 2147483647;
			files = (
			);
			runOnlyForDeploymentPostprocessing = 0;
		};
		59AB04D62E0C5A6300AC9684 /* Frameworks */ = {
			isa = PBXFrameworksBuildPhase;
			buildActionMask = 2147483647;
			files = (
			);
			runOnlyForDeploymentPostprocessing = 0;
		};
/* End PBXFrameworksBuildPhase section */

/* Begin PBXGroup section */
		59AB04B02E0C5A6100AC9684 = {
			isa = PBXGroup;
			children = (
				59AB04BB2E0C5A6100AC9684 /* IOSEventTrigger */,
				59AB04D22E0C5A6300AC9684 /* IOSEventTriggerTests */,
				59AB04DC2E0C5A6300AC9684 /* IOSEventTriggerUITests */,
				59AB04BA2E0C5A6100AC9684 /* Products */,
			);
			sourceTree = "<group>";
		};
		59AB04BA2E0C5A6100AC9684 /* Products */ = {
			isa = PBXGroup;
			children = (
				59AB04B92E0C5A6100AC9684 /* IOSEventTrigger.app */,
				59AB04CF2E0C5A6300AC9684 /* IOSEventTriggerTests.xctest */,
				59AB04D92E0C5A6300AC9684 /* IOSEventTriggerUITests.xctest */,
			);
			name = Products;
			sourceTree = "<group>";
		};
/* End PBXGroup section */

/* Begin PBXNativeTarget section */
		59AB04B82E0C5A6100AC9684 /* IOSEventTrigger */ = {
			isa = PBXNativeTarget;
			buildConfigurationList = 59AB04E22E0C5A6300AC9684 /* Build configuration list for PBXNativeTarget "IOSEventTrigger" */;
			buildPhases = (
				59AB04B52E0C5A6100AC9684 /* Sources */,
				59AB04B62E0C5A6100AC9684 /* Frameworks */,
				59AB04B72E0C5A6100AC9684 /* Resources */,
			);
			buildRules = (
			);
			dependencies = (
			);
			fileSystemSynchronizedGroups = (
				59AB04BB2E0C5A6100AC9684 /* IOSEventTrigger */,
			);
			name = IOSEventTrigger;
			packageProductDependencies = (
			);
			productName = IOSEventTrigger;
			productReference = 59AB04B92E0C5A6100AC9684 /* IOSEventTrigger.app */;
			productType = "com.apple.product-type.application";
		};
		59AB04CE2E0C5A6300AC9684 /* IOSEventTriggerTests */ = {
			isa = PBXNativeTarget;
			buildConfigurationList = 59AB04E72E0C5A6300AC9684 /* Build configuration list for PBXNativeTarget "IOSEventTriggerTests" */;
			buildPhases = (
				59AB04CB2E0C5A6300AC9684 /* Sources */,
				59AB04CC2E0C5A6300AC9684 /* Frameworks */,
				59AB04CD2E0C5A6300AC9684 /* Resources */,
			);
			buildRules = (
			);
			dependencies = (
				59AB04D12E0C5A6300AC9684 /* PBXTargetDependency */,
			);
			fileSystemSynchronizedGroups = (
				59AB04D22E0C5A6300AC9684 /* IOSEventTriggerTests */,
			);
			name = IOSEventTriggerTests;
			packageProductDependencies = (
			);
			productName = IOSEventTriggerTests;
			productReference = 59AB04CF2E0C5A6300AC9684 /* IOSEventTriggerTests.xctest */;
			productType = "com.apple.product-type.bundle.unit-test";
		};
		59AB04D82E0C5A6300AC9684 /* IOSEventTriggerUITests */ = {
			isa = PBXNativeTarget;
			buildConfigurationList = 59AB04EA2E0C5A6300AC9684 /* Build configuration list for PBXNativeTarget "IOSEventTriggerUITests" */;
			buildPhases = (
				59AB04D52E0C5A6300AC9684 /* Sources */,
				59AB04D62E0C5A6300AC9684 /* Frameworks */,
				59AB04D72E0C5A6300AC9684 /* Resources */,
			);
			buildRules = (
			);
			dependencies = (
				59AB04DB2E0C5A6300AC9684 /* PBXTargetDependency */,
			);
			fileSystemSynchronizedGroups = (
				59AB04DC2E0C5A6300AC9684 /* IOSEventTriggerUITests */,
			);
			name = IOSEventTriggerUITests;
			packageProductDependencies = (
			);
			productName = IOSEventTriggerUITests;
			productReference = 59AB04D92E0C5A6300AC9684 /* IOSEventTriggerUITests.xctest */;
			productType = "com.apple.product-type.bundle.ui-testing";
		};
/* End PBXNativeTarget section */

/* Begin PBXProject section */
		59AB04B12E0C5A6100AC9684 /* Project object */ = {
			isa = PBXProject;
			attributes = {
				BuildIndependentTargetsInParallel = 1;
				LastSwiftUpdateCheck = 1620;
				LastUpgradeCheck = 1620;
				TargetAttributes = {
					59AB04B82E0C5A6100AC9684 = {
						CreatedOnToolsVersion = 16.2;
					};
					59AB04CE2E0C5A6300AC9684 = {
						CreatedOnToolsVersion = 16.2;
						TestTargetID = 59AB04B82E0C5A6100AC9684;
					};
					59AB04D82E0C5A6300AC9684 = {
						CreatedOnToolsVersion = 16.2;
						TestTargetID = 59AB04B82E0C5A6100AC9684;
					};
				};
			};
			buildConfigurationList = 59AB04B42E0C5A6100AC9684 /* Build configuration list for PBXProject "IOSEventTrigger" */;
			developmentRegion = en;
			hasScannedForEncodings = 0;
			knownRegions = (
				en,
				Base,
			);
			mainGroup = 59AB04B02E0C5A6100AC9684;
			minimizedProjectReferenceProxies = 1;
			packageReferences = (
			);
			preferredProjectObjectVersion = 77;
			productRefGroup = 59AB04BA2E0C5A6100AC9684 /* Products */;
			projectDirPath = "";
			projectRoot = "";
			targets = (
				59AB04B82E0C5A6100AC9684 /* IOSEventTrigger */,
				59AB04CE2E0C5A6300AC9684 /* IOSEventTriggerTests */,
				59AB04D82E0C5A6300AC9684 /* IOSEventTriggerUITests */,
			);
		};
/* End PBXProject section */

/* Begin PBXResourcesBuildPhase section */
		59AB04B72E0C5A6100AC9684 /* Resources */ = {
			isa = PBXResourcesBuildPhase;
			buildActionMask = 2147483647;
			files = (
			);
			runOnlyForDeploymentPostprocessing = 0;
		};
		59AB04CD2E0C5A6300AC9684 /* Resources */ = {
			isa = PBXResourcesBuildPhase;
			buildActionMask = 2147483647;
			files = (
			);
			runOnlyForDeploymentPostprocessing = 0;
		};
		59AB04D72E0C5A6300AC9684 /* Resources */ = {
			isa = PBXResourcesBuildPhase;
			buildActionMask = 2147483647;
			files = (
			);
			runOnlyForDeploymentPostprocessing = 0;
		};
/* End PBXResourcesBuildPhase section */

/* Begin PBXSourcesBuildPhase section */
		59AB04B52E0C5A6100AC9684 /* Sources */ = {
			isa = PBXSourcesBuildPhase;
			buildActionMask = 2147483647;
			files = (
			);
			runOnlyForDeploymentPostprocessing = 0;
		};
		59AB04CB2E0C5A6300AC9684 /* Sources */ = {
			isa = PBXSourcesBuildPhase;
			buildActionMask = 2147483647;
			files = (
			);
			runOnlyForDeploymentPostprocessing = 0;
		};
		59AB04D52E0C5A6300AC9684 /* Sources */ = {
			isa = PBXSourcesBuildPhase;
			buildActionMask = 2147483647;
			files = (
			);
			runOnlyForDeploymentPostprocessing = 0;
		};
/* End PBXSourcesBuildPhase section */

/* Begin PBXTargetDependency section */
		59AB04D12E0C5A6300AC9684 /* PBXTargetDependency */ = {
			isa = PBXTargetDependency;
			target = 59AB04B82E0C5A6100AC9684 /* IOSEventTrigger */;
			targetProxy = 59AB04D02E0C5A6300AC9684 /* PBXContainerItemProxy */;
		};
		59AB04DB2E0C5A6300AC9684 /* PBXTargetDependency */ = {
			isa = PBXTargetDependency;
			target = 59AB04B82E0C5A6100AC9684 /* IOSEventTrigger */;
			targetProxy = 59AB04DA2E0C5A6300AC9684 /* PBXContainerItemProxy */;
		};
/* End PBXTargetDependency section */

/* Begin XCBuildConfiguration section */
		59AB04E32E0C5A6300AC9684 /* Debug */ = {
			isa = XCBuildConfiguration;
			buildSettings = {
				ASSETCATALOG_COMPILER_APPICON_NAME = AppIcon;
				ASSETCATALOG_COMPILER_GLOBAL_ACCENT_COLOR_NAME = AccentColor;
				CODE_SIGN_STYLE = Automatic;
				CURRENT_PROJECT_VERSION = 1;
				DEVELOPMENT_TEAM = SGBH3FUS89;
				GENERATE_INFOPLIST_FILE = YES;
				INFOPLIST_FILE = IOSEventTrigger/Info.plist;
				INFOPLIST_KEY_UIApplicationSupportsIndirectInputEvents = YES;
				INFOPLIST_KEY_UILaunchStoryboardName = LaunchScreen;
				INFOPLIST_KEY_UIMainStoryboardFile = Main;
				INFOPLIST_KEY_UISupportedInterfaceOrientations_iPad = "UIInterfaceOrientationPortrait UIInterfaceOrientationPortraitUpsideDown UIInterfaceOrientationLandscapeLeft UIInterfaceOrientationLandscapeRight";
				INFOPLIST_KEY_UISupportedInterfaceOrientations_iPhone = "UIInterfaceOrientationPortrait UIInterfaceOrientationLandscapeLeft UIInterfaceOrientationLandscapeRight";
				LD_RUNPATH_SEARCH_PATHS = (
					"$(inherited)",
					"@executable_path/Frameworks",
				);
				MARKETING_VERSION = 1.0;
				PRODUCT_BUNDLE_IDENTIFIER = com.poc.IOSEventTrigger;
				PRODUCT_NAME = "$(TARGET_NAME)";
				SWIFT_EMIT_LOC_STRINGS = YES;
				SWIFT_VERSION = 5.0;
				TARGETED_DEVICE_FAMILY = "1,2";
			};
			name = Debug;
		};
		59AB04E42E0C5A6300AC9684 /* Release */ = {
			isa = XCBuildConfiguration;
			buildSettings = {
				ASSETCATALOG_COMPILER_APPICON_NAME = AppIcon;
				ASSETCATALOG_COMPILER_GLOBAL_ACCENT_COLOR_NAME = AccentColor;
				CODE_SIGN_STYLE = Automatic;
				CURRENT_PROJECT_VERSION = 1;
				DEVELOPMENT_TEAM = SGBH3FUS89;
				GENERATE_INFOPLIST_FILE = YES;
				INFOPLIST_FILE = IOSEventTrigger/Info.plist;
				INFOPLIST_KEY_UIApplicationSupportsIndirectInputEvents = YES;
				INFOPLIST_KEY_UILaunchStoryboardName = LaunchScreen;
				INFOPLIST_KEY_UIMainStoryboardFile = Main;
				INFOPLIST_KEY_UISupportedInterfaceOrientations_iPad = "UIInterfaceOrientationPortrait UIInterfaceOrientationPortraitUpsideDown UIInterfaceOrientationLandscapeLeft UIInterfaceOrientationLandscapeRight";
				INFOPLIST_KEY_UISupportedInterfaceOrientations_iPhone = "UIInterfaceOrientationPortrait UIInterfaceOrientationLandscapeLeft UIInterfaceOrientationLandscapeRight";
				LD_RUNPATH_SEARCH_PATHS = (
					"$(inherited)",
					"@executable_path/Frameworks",
				);
				MARKETING_VERSION = 1.0;
				PRODUCT_BUNDLE_IDENTIFIER = com.poc.IOSEventTrigger;
				PRODUCT_NAME = "$(TARGET_NAME)";
				SWIFT_EMIT_LOC_STRINGS = YES;
				SWIFT_VERSION = 5.0;
				TARGETED_DEVICE_FAMILY = "1,2";
			};
			name = Release;
		};
		59AB04E52E0C5A6300AC9684 /* Debug */ = {
			isa = XCBuildConfiguration;
			buildSettings = {
				ALWAYS_SEARCH_USER_PATHS = NO;
				ASSETCATALOG_COMPILER_GENERATE_SWIFT_ASSET_SYMBOL_EXTENSIONS = YES;
				CLANG_ANALYZER_NONNULL = YES;
				CLANG_ANALYZER_NUMBER_OBJECT_CONVERSION = YES_AGGRESSIVE;
				CLANG_CXX_LANGUAGE_STANDARD = "gnu++20";
				CLANG_ENABLE_MODULES = YES;
				CLANG_ENABLE_OBJC_ARC = YES;
				CLANG_ENABLE_OBJC_WEAK = YES;
				CLANG_WARN_BLOCK_CAPTURE_AUTORELEASING = YES;
				CLANG_WARN_BOOL_CONVERSION = YES;
				CLANG_WARN_COMMA = YES;
				CLANG_WARN_CONSTANT_CONVERSION = YES;
				CLANG_WARN_DEPRECATED_OBJC_IMPLEMENTATIONS = YES;
				CLANG_WARN_DIRECT_OBJC_ISA_USAGE = YES_ERROR;
				CLANG_WARN_DOCUMENTATION_COMMENTS = YES;
				CLANG_WARN_EMPTY_BODY = YES;
				CLANG_WARN_ENUM_CONVERSION = YES;
				CLANG_WARN_INFINITE_RECURSION = YES;
				CLANG_WARN_INT_CONVERSION = YES;
				CLANG_WARN_NON_LITERAL_NULL_CONVERSION = YES;
				CLANG_WARN_OBJC_IMPLICIT_RETAIN_SELF = YES;
				CLANG_WARN_OBJC_LITERAL_CONVERSION = YES;
				CLANG_WARN_OBJC_ROOT_CLASS = YES_ERROR;
				CLANG_WARN_QUOTED_INCLUDE_IN_FRAMEWORK_HEADER = YES;
				CLANG_WARN_RANGE_LOOP_ANALYSIS = YES;
				CLANG_WARN_STRICT_PROTOTYPES = YES;
				CLANG_WARN_SUSPICIOUS_MOVE = YES;
				CLANG_WARN_UNGUARDED_AVAILABILITY = YES_AGGRESSIVE;
				CLANG_WARN_UNREACHABLE_CODE = YES;
				CLANG_WARN__DUPLICATE_METHOD_MATCH = YES;
				COPY_PHASE_STRIP = NO;
				DEBUG_INFORMATION_FORMAT = dwarf;
				ENABLE_STRICT_OBJC_MSGSEND = YES;
				ENABLE_TESTABILITY = YES;
				ENABLE_USER_SCRIPT_SANDBOXING = YES;
				GCC_C_LANGUAGE_STANDARD = gnu17;
				GCC_DYNAMIC_NO_PIC = NO;
				GCC_NO_COMMON_BLOCKS = YES;
				GCC_OPTIMIZATION_LEVEL = 0;
				GCC_PREPROCESSOR_DEFINITIONS = (
					"DEBUG=1",
					"$(inherited)",
				);
				GCC_WARN_64_TO_32_BIT_CONVERSION = YES;
				GCC_WARN_ABOUT_RETURN_TYPE = YES_ERROR;
				GCC_WARN_UNDECLARED_SELECTOR = YES;
				GCC_WARN_UNINITIALIZED_AUTOS = YES_AGGRESSIVE;
				GCC_WARN_UNUSED_FUNCTION = YES;
				GCC_WARN_UNUSED_VARIABLE = YES;
				IPHONEOS_DEPLOYMENT_TARGET = 18.2;
				LOCALIZATION_PREFERS_STRING_CATALOGS = YES;
				MTL_ENABLE_DEBUG_INFO = INCLUDE_SOURCE;
				MTL_FAST_MATH = YES;
				ONLY_ACTIVE_ARCH = YES;
				SDKROOT = iphoneos;
				SWIFT_ACTIVE_COMPILATION_CONDITIONS = "DEBUG $(inherited)";
				SWIFT_OPTIMIZATION_LEVEL = "-Onone";
			};
			name = Debug;
		};
		59AB04E62E0C5A6300AC9684 /* Release */ = {
			isa = XCBuildConfiguration;
			buildSettings = {
				ALWAYS_SEARCH_USER_PATHS = NO;
				ASSETCATALOG_COMPILER_GENERATE_SWIFT_ASSET_SYMBOL_EXTENSIONS = YES;
				CLANG_ANALYZER_NONNULL = YES;
				CLANG_ANALYZER_NUMBER_OBJECT_CONVERSION = YES_AGGRESSIVE;
				CLANG_CXX_LANGUAGE_STANDARD = "gnu++20";
				CLANG_ENABLE_MODULES = YES;
				CLANG_ENABLE_OBJC_ARC = YES;
				CLANG_ENABLE_OBJC_WEAK = YES;
				CLANG_WARN_BLOCK_CAPTURE_AUTORELEASING = YES;
				CLANG_WARN_BOOL_CONVERSION = YES;
				CLANG_WARN_COMMA = YES;
				CLANG_WARN_CONSTANT_CONVERSION = YES;
				CLANG_WARN_DEPRECATED_OBJC_IMPLEMENTATIONS = YES;
				CLANG_WARN_DIRECT_OBJC_ISA_USAGE = YES_ERROR;
				CLANG_WARN_DOCUMENTATION_COMMENTS = YES;
				CLANG_WARN_EMPTY_BODY = YES;
				CLANG_WARN_ENUM_CONVERSION = YES;
				CLANG_WARN_INFINITE_RECURSION = YES;
				CLANG_WARN_INT_CONVERSION = YES;
				CLANG_WARN_NON_LITERAL_NULL_CONVERSION = YES;
				CLANG_WARN_OBJC_IMPLICIT_RETAIN_SELF = YES;
				CLANG_WARN_OBJC_LITERAL_CONVERSION = YES;
				CLANG_WARN_OBJC_ROOT_CLASS = YES_ERROR;
				CLANG_WARN_QUOTED_INCLUDE_IN_FRAMEWORK_HEADER = YES;
				CLANG_WARN_RANGE_LOOP_ANALYSIS = YES;
				CLANG_WARN_STRICT_PROTOTYPES = YES;
				CLANG_WARN_SUSPICIOUS_MOVE = YES;
				CLANG_WARN_UNGUARDED_AVAILABILITY = YES_AGGRESSIVE;
				CLANG_WARN_UNREACHABLE_CODE = YES;
				CLANG_WARN__DUPLICATE_METHOD_MATCH = YES;
				COPY_PHASE_STRIP = NO;
				DEBUG_INFORMATION_FORMAT = "dwarf-with-dsym";
				ENABLE_NS_ASSERTIONS = NO;
				ENABLE_STRICT_OBJC_MSGSEND = YES;
				ENABLE_USER_SCRIPT_SANDBOXING = YES;
				GCC_C_LANGUAGE_STANDARD = gnu17;
				GCC_NO_COMMON_BLOCKS = YES;
				GCC_WARN_64_TO_32_BIT_CONVERSION = YES;
				GCC_WARN_ABOUT_RETURN_TYPE = YES_ERROR;
				GCC_WARN_UNDECLARED_SELECTOR = YES;
				GCC_WARN_UNINITIALIZED_AUTOS = YES_AGGRESSIVE;
				GCC_WARN_UNUSED_FUNCTION = YES;
				GCC_WARN_UNUSED_VARIABLE = YES;
				IPHONEOS_DEPLOYMENT_TARGET = 18.2;
				LOCALIZATION_PREFERS_STRING_CATALOGS = YES;
				MTL_ENABLE_DEBUG_INFO = NO;
				MTL_FAST_MATH = YES;
				SDKROOT = iphoneos;
				SWIFT_COMPILATION_MODE = wholemodule;
				VALIDATE_PRODUCT = YES;
			};
			name = Release;
		};
		59AB04E82E0C5A6300AC9684 /* Debug */ = {
			isa = XCBuildConfiguration;
			buildSettings = {
				BUNDLE_LOADER = "$(TEST_HOST)";
				CODE_SIGN_STYLE = Automatic;
				CURRENT_PROJECT_VERSION = 1;
				DEVELOPMENT_TEAM = SGBH3FUS89;
				GENERATE_INFOPLIST_FILE = YES;
				IPHONEOS_DEPLOYMENT_TARGET = 18.2;
				MARKETING_VERSION = 1.0;
				PRODUCT_BUNDLE_IDENTIFIER = com.poc.IOSEventTriggerTests;
				PRODUCT_NAME = "$(TARGET_NAME)";
				SWIFT_EMIT_LOC_STRINGS = NO;
				SWIFT_VERSION = 5.0;
				TARGETED_DEVICE_FAMILY = "1,2";
				TEST_HOST = "$(BUILT_PRODUCTS_DIR)/IOSEventTrigger.app/$(BUNDLE_EXECUTABLE_FOLDER_PATH)/IOSEventTrigger";
			};
			name = Debug;
		};
		59AB04E92E0C5A6300AC9684 /* Release */ = {
			isa = XCBuildConfiguration;
			buildSettings = {
				BUNDLE_LOADER = "$(TEST_HOST)";
				CODE_SIGN_STYLE = Automatic;
				CURRENT_PROJECT_VERSION = 1;
				DEVELOPMENT_TEAM = SGBH3FUS89;
				GENERATE_INFOPLIST_FILE = YES;
				IPHONEOS_DEPLOYMENT_TARGET = 18.2;
				MARKETING_VERSION = 1.0;
				PRODUCT_BUNDLE_IDENTIFIER = com.poc.IOSEventTriggerTests;
				PRODUCT_NAME = "$(TARGET_NAME)";
				SWIFT_EMIT_LOC_STRINGS = NO;
				SWIFT_VERSION = 5.0;
				TARGETED_DEVICE_FAMILY = "1,2";
				TEST_HOST = "$(BUILT_PRODUCTS_DIR)/IOSEventTrigger.app/$(BUNDLE_EXECUTABLE_FOLDER_PATH)/IOSEventTrigger";
			};
			name = Release;
		};
		59AB04EB2E0C5A6300AC9684 /* Debug */ = {
			isa = XCBuildConfiguration;
			buildSettings = {
				CODE_SIGN_STYLE = Automatic;
				CURRENT_PROJECT_VERSION = 1;
				DEVELOPMENT_TEAM = SGBH3FUS89;
				GENERATE_INFOPLIST_FILE = YES;
				MARKETING_VERSION = 1.0;
				PRODUCT_BUNDLE_IDENTIFIER = com.poc.IOSEventTriggerUITests;
				PRODUCT_NAME = "$(TARGET_NAME)";
				SWIFT_EMIT_LOC_STRINGS = NO;
				SWIFT_VERSION = 5.0;
				TARGETED_DEVICE_FAMILY = "1,2";
				TEST_TARGET_NAME = IOSEventTrigger;
			};
			name = Debug;
		};
		59AB04EC2E0C5A6300AC9684 /* Release */ = {
			isa = XCBuildConfiguration;
			buildSettings = {
				CODE_SIGN_STYLE = Automatic;
				CURRENT_PROJECT_VERSION = 1;
				DEVELOPMENT_TEAM = SGBH3FUS89;
				GENERATE_INFOPLIST_FILE = YES;
				MARKETING_VERSION = 1.0;
				PRODUCT_BUNDLE_IDENTIFIER = com.poc.IOSEventTriggerUITests;
				PRODUCT_NAME = "$(TARGET_NAME)";
				SWIFT_EMIT_LOC_STRINGS = NO;
				SWIFT_VERSION = 5.0;
				TARGETED_DEVICE_FAMILY = "1,2";
				TEST_TARGET_NAME = IOSEventTrigger;
			};
			name = Release;
		};
/* End XCBuildConfiguration section */

/* Begin XCConfigurationList section */
		59AB04B42E0C5A6100AC9684 /* Build configuration list for PBXProject "IOSEventTrigger" */ = {
			isa = XCConfigurationList;
			buildConfigurations = (
				59AB04E52E0C5A6300AC9684 /* Debug */,
				59AB04E62E0C5A6300AC9684 /* Release */,
			);
			defaultConfigurationIsVisible = 0;
			defaultConfigurationName = Release;
		};
		59AB04E22E0C5A6300AC9684 /* Build configuration list for PBXNativeTarget "IOSEventTrigger" */ = {
			isa = XCConfigurationList;
			buildConfigurations = (
				59AB04E32E0C5A6300AC9684 /* Debug */,
				59AB04E42E0C5A6300AC9684 /* Release */,
			);
			defaultConfigurationIsVisible = 0;
			defaultConfigurationName = Release;
		};
		59AB04E72E0C5A6300AC9684 /* Build configuration list for PBXNativeTarget "IOSEventTriggerTests" */ = {
			isa = XCConfigurationList;
			buildConfigurations = (
				59AB04E82E0C5A6300AC9684 /* Debug */,
				59AB04E92E0C5A6300AC9684 /* Release */,
			);
			defaultConfigurationIsVisible = 0;
			defaultConfigurationName = Release;
		};
		59AB04EA2E0C5A6300AC9684 /* Build configuration list for PBXNativeTarget "IOSEventTriggerUITests" */ = {
			isa = XCConfigurationList;
			buildConfigurations = (
				59AB04EB2E0C5A6300AC9684 /* Debug */,
				59AB04EC2E0C5A6300AC9684 /* Release */,
			);
			defaultConfigurationIsVisible = 0;
			defaultConfigurationName = Release;
		};
/* End XCConfigurationList section */
	};
	rootObject = 59AB04B12E0C5A6100AC9684 /* Project object */;
}
